﻿
Microsoft Visual Studio Solution File, Format Version 12.00
# Visual Studio Version 17
VisualStudioVersion = 17.0.31903.59
MinimumVisualStudioVersion = 10.0.40219.1
Project("{9A19103F-16F7-4668-BE54-9A1E7A4F7556}") = "Wendlemire.Common", "Wendlemire.Common\Wendlemire.Common.csproj", "{A11C0001-0000-4000-8000-000000000001}"
EndProject
Project("{9A19103F-16F7-4668-BE54-9A1E7A4F7556}") = "Wendlemire.Simulation", "Wendlemire.Simulation\Wendlemire.Simulation.csproj", "{A11C0001-0000-4000-8000-000000000002}"
EndProject
Project("{9A19103F-16F7-4668-BE54-9A1E7A4F7556}") = "Wendlemire.NetCode", "Wendlemire.NetCode\Wendlemire.NetCode.csproj", "{A11C0001-0000-4000-8000-000000000003}"
EndProject
Project("{9A19103F-16F7-4668-BE54-9A1E7A4F7556}") = "Wendlemire.Renderer", "Wendlemire.Renderer\Wendlemire.Renderer.csproj", "{A11C0001-0000-4000-8000-000000000004}"
EndProject
Project("{9A19103F-16F7-4668-BE54-9A1E7A4F7556}") = "Wendlemire.Client", "Wendlemire\Wendlemire.Client.csproj", "{A11C0001-0000-4000-8000-000000000005}"
EndProject
Project("{9A19103F-16F7-4668-BE54-9A1E7A4F7556}") = "Wendlemire.Server", "Wendlemire.Server\Wendlemire.Server.csproj", "{A11C0001-0000-4000-8000-000000000006}"
EndProject
Project("{9A19103F-16F7-4668-BE54-9A1E7A4F7556}") = "Wendlemire.Tests", "Wendlemire.Tests\Wendlemire.Tests.csproj", "{A11C0001-0000-4000-8000-000000000007}"
EndProject
Project("{9A19103F-16F7-4668-BE54-9A1E7A4F7556}") = "Wendlemire.Editor", "Wendlemire.Editor\Wendlemire.Editor.csproj", "{A11C0001-0000-4000-8000-000000000008}"
EndProject
Project("{9A19103F-16F7-4668-BE54-9A1E7A4F7556}") = "Wendlemire.PawnLayout", "Wendlemire.PawnLayout\Wendlemire.PawnLayout.csproj", "{A11C0001-0000-4000-8000-000000000009}"
EndProject
Global
	GlobalSection(SolutionConfigurationPlatforms) = preSolution
		Debug|Any CPU = Debug|Any CPU
		Release|Any CPU = Release|Any CPU
	EndGlobalSection
	GlobalSection(ProjectConfigurationPlatforms) = postSolution
		{A11C0001-0000-4000-8000-000000000001}.Debug|Any CPU.ActiveCfg = Debug|Any CPU
		{A11C0001-0000-4000-8000-000000000001}.Debug|Any CPU.Build.0 = Debug|Any CPU
		{A11C0001-0000-4000-8000-000000000001}.Release|Any CPU.ActiveCfg = Release|Any CPU
		{A11C0001-0000-4000-8000-000000000001}.Release|Any CPU.Build.0 = Release|Any CPU
		{A11C0001-0000-4000-8000-000000000002}.Debug|Any CPU.ActiveCfg = Debug|Any CPU
		{A11C0001-0000-4000-8000-000000000002}.Debug|Any CPU.Build.0 = Debug|Any CPU
		{A11C0001-0000-4000-8000-000000000002}.Release|Any CPU.ActiveCfg = Release|Any CPU
		{A11C0001-0000-4000-8000-000000000002}.Release|Any CPU.Build.0 = Release|Any CPU
		{A11C0001-0000-4000-8000-000000000003}.Debug|Any CPU.ActiveCfg = Debug|Any CPU
		{A11C0001-0000-4000-8000-000000000003}.Debug|Any CPU.Build.0 = Debug|Any CPU
		{A11C0001-0000-4000-8000-000000000003}.Release|Any CPU.ActiveCfg = Release|Any CPU
		{A11C0001-0000-4000-8000-000000000003}.Release|Any CPU.Build.0 = Release|Any CPU
		{A11C0001-0000-4000-8000-000000000004}.Debug|Any CPU.ActiveCfg = Debug|Any CPU
		{A11C0001-0000-4000-8000-000000000004}.Debug|Any CPU.Build.0 = Debug|Any CPU
		{A11C0001-0000-4000-8000-000000000004}.Release|Any CPU.ActiveCfg = Release|Any CPU
		{A11C0001-0000-4000-8000-000000000004}.Release|Any CPU.Build.0 = Release|Any CPU
		{A11C0001-0000-4000-8000-000000000005}.Debug|Any CPU.ActiveCfg = Debug|Any CPU
		{A11C0001-0000-4000-8000-000000000005}.Debug|Any CPU.Build.0 = Debug|Any CPU
		{A11C0001-0000-4000-8000-000000000005}.Release|Any CPU.ActiveCfg = Release|Any CPU
		{A11C0001-0000-4000-8000-000000000005}.Release|Any CPU.Build.0 = Release|Any CPU
		{A11C0001-0000-4000-8000-000000000006}.Debug|Any CPU.ActiveCfg = Debug|Any CPU
		{A11C0001-0000-4000-8000-000000000006}.Debug|Any CPU.Build.0 = Debug|Any CPU
		{A11C0001-0000-4000-8000-000000000006}.Release|Any CPU.ActiveCfg = Release|Any CPU
		{A11C0001-0000-4000-8000-000000000006}.Release|Any CPU.Build.0 = Release|Any CPU
		{A11C0001-0000-4000-8000-000000000007}.Debug|Any CPU.ActiveCfg = Debug|Any CPU
		{A11C0001-0000-4000-8000-000000000007}.Debug|Any CPU.Build.0 = Debug|Any CPU
		{A11C0001-0000-4000-8000-000000000007}.Release|Any CPU.ActiveCfg = Release|Any CPU
		{A11C0001-0000-4000-8000-000000000007}.Release|Any CPU.Build.0 = Release|Any CPU
		{A11C0001-0000-4000-8000-000000000008}.Debug|Any CPU.ActiveCfg = Debug|Any CPU
		{A11C0001-0000-4000-8000-000000000008}.Debug|Any CPU.Build.0 = Debug|Any CPU
		{A11C0001-0000-4000-8000-000000000008}.Release|Any CPU.ActiveCfg = Release|Any CPU
		{A11C0001-0000-4000-8000-000000000008}.Release|Any CPU.Build.0 = Release|Any CPU
		{A11C0001-0000-4000-8000-000000000009}.Debug|Any CPU.ActiveCfg = Debug|Any CPU
		{A11C0001-0000-4000-8000-000000000009}.Debug|Any CPU.Build.0 = Debug|Any CPU
		{A11C0001-0000-4000-8000-000000000009}.Release|Any CPU.ActiveCfg = Release|Any CPU
		{A11C0001-0000-4000-8000-000000000009}.Release|Any CPU.Build.0 = Release|Any CPU
	EndGlobalSection
	GlobalSection(SolutionProperties) = preSolution
		HideSolutionNode = FALSE
	EndGlobalSection
EndGlobal
